
Microsoft Visual Studio Solution File, Format Version 12.00
# Visual Studio 15
VisualStudioVersion = 15.0.26124.0
MinimumVisualStudioVersion = 15.0.26124.0
Project("{2150E333-8FDC-42A3-9474-1A3956D46DE8}") = "src", "src", "{869C6232-DD0A-43EC-86B0-9B8136D569D2}"
EndProject
Project("{FAE04EC0-301F-11D3-BF4B-00C04F79EFBC}") = "BioEngine.BRC.Admin", "src\BioEngine.BRC.Admin\BioEngine.BRC.Admin.csproj", "{D915E910-4115-48A3-8F46-92F2BD0F8014}"
EndProject
Project("{FAE04EC0-301F-11D3-BF4B-00C04F79EFBC}") = "BioEngine.BRC.BW", "src\BioEngine.BRC.BW\BioEngine.BRC.BW.csproj", "{51BC079B-E229-4EE2-8655-996E150E4242}"
EndProject
Project("{FAE04EC0-301F-11D3-BF4B-00C04F79EFBC}") = "BioEngine.BRC.Core", "src\BioEngine.BRC.Core\BioEngine.BRC.Core.csproj", "{14FF567C-8E13-4A82-AE63-F9A9DB5A93DE}"
EndProject
Project("{FAE04EC0-301F-11D3-BF4B-00C04F79EFBC}") = "BioEngine.BRC.Games", "src\BioEngine.BRC.Games\BioEngine.BRC.Games.csproj", "{7623EF36-6089-4A2B-8B00-2756D9691777}"
EndProject
Project("{2150E333-8FDC-42A3-9474-1A3956D46DE8}") = "Solution Files", "Solution Files", "{93E57DFA-D1AE-48B7-8BF0-0F5820D6C94A}"
ProjectSection(SolutionItems) = preProject
	.editorconfig = .editorconfig
	.env = .env
	.gitignore = .gitignore
	docker-compose.yml = docker-compose.yml
	LICENSE = LICENSE
	README.md = README.md
EndProjectSection
EndProject
Project("{FAE04EC0-301F-11D3-BF4B-00C04F79EFBC}") = "BioEngine.BRC.IPB", "src\BioEngine.BRC.IPB\BioEngine.BRC.IPB.csproj", "{E49FBC41-561D-40D5-A3DD-06525BD4FE07}"
EndProject
Project("{2150E333-8FDC-42A3-9474-1A3956D46DE8}") = ".github", ".github", "{98E1D0F1-55B1-42DA-91DD-316C1EFB59C7}"
ProjectSection(SolutionItems) = preProject
	.github\dependabot.yml = .github\dependabot.yml
EndProjectSection
EndProject
Project("{2150E333-8FDC-42A3-9474-1A3956D46DE8}") = "workflows", "workflows", "{734CDB1E-E055-4822-9274-7DAFBF235280}"
ProjectSection(SolutionItems) = preProject
	.github\workflows\deploy.yml = .github\workflows\deploy.yml
	.github\workflows\main.yml = .github\workflows\main.yml
EndProjectSection
EndProject
Global
	GlobalSection(SolutionConfigurationPlatforms) = preSolution
		Debug|Any CPU = Debug|Any CPU
		Debug|x64 = Debug|x64
		Debug|x86 = Debug|x86
		Release|Any CPU = Release|Any CPU
		Release|x64 = Release|x64
		Release|x86 = Release|x86
	EndGlobalSection
	GlobalSection(SolutionProperties) = preSolution
		HideSolutionNode = FALSE
	EndGlobalSection
	GlobalSection(ProjectConfigurationPlatforms) = postSolution
		{D915E910-4115-48A3-8F46-92F2BD0F8014}.Debug|Any CPU.ActiveCfg = Debug|Any CPU
		{D915E910-4115-48A3-8F46-92F2BD0F8014}.Debug|Any CPU.Build.0 = Debug|Any CPU
		{D915E910-4115-48A3-8F46-92F2BD0F8014}.Debug|x64.ActiveCfg = Debug|Any CPU
		{D915E910-4115-48A3-8F46-92F2BD0F8014}.Debug|x64.Build.0 = Debug|Any CPU
		{D915E910-4115-48A3-8F46-92F2BD0F8014}.Debug|x86.ActiveCfg = Debug|Any CPU
		{D915E910-4115-48A3-8F46-92F2BD0F8014}.Debug|x86.Build.0 = Debug|Any CPU
		{D915E910-4115-48A3-8F46-92F2BD0F8014}.Release|Any CPU.ActiveCfg = Release|Any CPU
		{D915E910-4115-48A3-8F46-92F2BD0F8014}.Release|Any CPU.Build.0 = Release|Any CPU
		{D915E910-4115-48A3-8F46-92F2BD0F8014}.Release|x64.ActiveCfg = Release|Any CPU
		{D915E910-4115-48A3-8F46-92F2BD0F8014}.Release|x64.Build.0 = Release|Any CPU
		{D915E910-4115-48A3-8F46-92F2BD0F8014}.Release|x86.ActiveCfg = Release|Any CPU
		{D915E910-4115-48A3-8F46-92F2BD0F8014}.Release|x86.Build.0 = Release|Any CPU
		{51BC079B-E229-4EE2-8655-996E150E4242}.Debug|Any CPU.ActiveCfg = Debug|Any CPU
		{51BC079B-E229-4EE2-8655-996E150E4242}.Debug|Any CPU.Build.0 = Debug|Any CPU
		{51BC079B-E229-4EE2-8655-996E150E4242}.Debug|x64.ActiveCfg = Debug|Any CPU
		{51BC079B-E229-4EE2-8655-996E150E4242}.Debug|x64.Build.0 = Debug|Any CPU
		{51BC079B-E229-4EE2-8655-996E150E4242}.Debug|x86.ActiveCfg = Debug|Any CPU
		{51BC079B-E229-4EE2-8655-996E150E4242}.Debug|x86.Build.0 = Debug|Any CPU
		{51BC079B-E229-4EE2-8655-996E150E4242}.Release|Any CPU.ActiveCfg = Release|Any CPU
		{51BC079B-E229-4EE2-8655-996E150E4242}.Release|Any CPU.Build.0 = Release|Any CPU
		{51BC079B-E229-4EE2-8655-996E150E4242}.Release|x64.ActiveCfg = Release|Any CPU
		{51BC079B-E229-4EE2-8655-996E150E4242}.Release|x64.Build.0 = Release|Any CPU
		{51BC079B-E229-4EE2-8655-996E150E4242}.Release|x86.ActiveCfg = Release|Any CPU
		{51BC079B-E229-4EE2-8655-996E150E4242}.Release|x86.Build.0 = Release|Any CPU
		{14FF567C-8E13-4A82-AE63-F9A9DB5A93DE}.Debug|Any CPU.ActiveCfg = Debug|Any CPU
		{14FF567C-8E13-4A82-AE63-F9A9DB5A93DE}.Debug|Any CPU.Build.0 = Debug|Any CPU
		{14FF567C-8E13-4A82-AE63-F9A9DB5A93DE}.Debug|x64.ActiveCfg = Debug|Any CPU
		{14FF567C-8E13-4A82-AE63-F9A9DB5A93DE}.Debug|x64.Build.0 = Debug|Any CPU
		{14FF567C-8E13-4A82-AE63-F9A9DB5A93DE}.Debug|x86.ActiveCfg = Debug|Any CPU
		{14FF567C-8E13-4A82-AE63-F9A9DB5A93DE}.Debug|x86.Build.0 = Debug|Any CPU
		{14FF567C-8E13-4A82-AE63-F9A9DB5A93DE}.Release|Any CPU.ActiveCfg = Release|Any CPU
		{14FF567C-8E13-4A82-AE63-F9A9DB5A93DE}.Release|Any CPU.Build.0 = Release|Any CPU
		{14FF567C-8E13-4A82-AE63-F9A9DB5A93DE}.Release|x64.ActiveCfg = Release|Any CPU
		{14FF567C-8E13-4A82-AE63-F9A9DB5A93DE}.Release|x64.Build.0 = Release|Any CPU
		{14FF567C-8E13-4A82-AE63-F9A9DB5A93DE}.Release|x86.ActiveCfg = Release|Any CPU
		{14FF567C-8E13-4A82-AE63-F9A9DB5A93DE}.Release|x86.Build.0 = Release|Any CPU
		{7623EF36-6089-4A2B-8B00-2756D9691777}.Debug|Any CPU.ActiveCfg = Debug|Any CPU
		{7623EF36-6089-4A2B-8B00-2756D9691777}.Debug|Any CPU.Build.0 = Debug|Any CPU
		{7623EF36-6089-4A2B-8B00-2756D9691777}.Debug|x64.ActiveCfg = Debug|Any CPU
		{7623EF36-6089-4A2B-8B00-2756D9691777}.Debug|x64.Build.0 = Debug|Any CPU
		{7623EF36-6089-4A2B-8B00-2756D9691777}.Debug|x86.ActiveCfg = Debug|Any CPU
		{7623EF36-6089-4A2B-8B00-2756D9691777}.Debug|x86.Build.0 = Debug|Any CPU
		{7623EF36-6089-4A2B-8B00-2756D9691777}.Release|Any CPU.ActiveCfg = Release|Any CPU
		{7623EF36-6089-4A2B-8B00-2756D9691777}.Release|Any CPU.Build.0 = Release|Any CPU
		{7623EF36-6089-4A2B-8B00-2756D9691777}.Release|x64.ActiveCfg = Release|Any CPU
		{7623EF36-6089-4A2B-8B00-2756D9691777}.Release|x64.Build.0 = Release|Any CPU
		{7623EF36-6089-4A2B-8B00-2756D9691777}.Release|x86.ActiveCfg = Release|Any CPU
		{7623EF36-6089-4A2B-8B00-2756D9691777}.Release|x86.Build.0 = Release|Any CPU
		{E49FBC41-561D-40D5-A3DD-06525BD4FE07}.Debug|Any CPU.ActiveCfg = Debug|Any CPU
		{E49FBC41-561D-40D5-A3DD-06525BD4FE07}.Debug|Any CPU.Build.0 = Debug|Any CPU
		{E49FBC41-561D-40D5-A3DD-06525BD4FE07}.Debug|x64.ActiveCfg = Debug|Any CPU
		{E49FBC41-561D-40D5-A3DD-06525BD4FE07}.Debug|x64.Build.0 = Debug|Any CPU
		{E49FBC41-561D-40D5-A3DD-06525BD4FE07}.Debug|x86.ActiveCfg = Debug|Any CPU
		{E49FBC41-561D-40D5-A3DD-06525BD4FE07}.Debug|x86.Build.0 = Debug|Any CPU
		{E49FBC41-561D-40D5-A3DD-06525BD4FE07}.Release|Any CPU.ActiveCfg = Release|Any CPU
		{E49FBC41-561D-40D5-A3DD-06525BD4FE07}.Release|Any CPU.Build.0 = Release|Any CPU
		{E49FBC41-561D-40D5-A3DD-06525BD4FE07}.Release|x64.ActiveCfg = Release|Any CPU
		{E49FBC41-561D-40D5-A3DD-06525BD4FE07}.Release|x64.Build.0 = Release|Any CPU
		{E49FBC41-561D-40D5-A3DD-06525BD4FE07}.Release|x86.ActiveCfg = Release|Any CPU
		{E49FBC41-561D-40D5-A3DD-06525BD4FE07}.Release|x86.Build.0 = Release|Any CPU
	EndGlobalSection
	GlobalSection(NestedProjects) = preSolution
		{D915E910-4115-48A3-8F46-92F2BD0F8014} = {869C6232-DD0A-43EC-86B0-9B8136D569D2}
		{51BC079B-E229-4EE2-8655-996E150E4242} = {869C6232-DD0A-43EC-86B0-9B8136D569D2}
		{14FF567C-8E13-4A82-AE63-F9A9DB5A93DE} = {869C6232-DD0A-43EC-86B0-9B8136D569D2}
		{7623EF36-6089-4A2B-8B00-2756D9691777} = {869C6232-DD0A-43EC-86B0-9B8136D569D2}
		{E49FBC41-561D-40D5-A3DD-06525BD4FE07} = {869C6232-DD0A-43EC-86B0-9B8136D569D2}
		{734CDB1E-E055-4822-9274-7DAFBF235280} = {98E1D0F1-55B1-42DA-91DD-316C1EFB59C7}
	EndGlobalSection
EndGlobal
