
Microsoft Visual Studio Solution File, Format Version 12.00
# Visual Studio 15
VisualStudioVersion = 15.0.26124.0
MinimumVisualStudioVersion = 15.0.26124.0
Project("{2150E333-8FDC-42A3-9474-1A3956D46DE8}") = "src", "src", "{869C6232-DD0A-43EC-86B0-9B8136D569D2}"
EndProject
Project("{FAE04EC0-301F-11D3-BF4B-00C04F79EFBC}") = "BioEngine.BRC.Admin", "src\BioEngine.BRC.Admin\BioEngine.BRC.Admin.csproj", "{D915E910-4115-48A3-8F46-92F2BD0F8014}"
EndProject
Project("{FAE04EC0-301F-11D3-BF4B-00C04F79EFBC}") = "BioEngine.BRC.BW", "src\BioEngine.BRC.BW\BioEngine.BRC.BW.csproj", "{51BC079B-E229-4EE2-8655-996E150E4242}"
EndProject
Project("{FAE04EC0-301F-11D3-BF4B-00C04F79EFBC}") = "BioEngine.BRC.Core", "src\BioEngine.BRC.Core\BioEngine.BRC.Core.csproj", "{14FF567C-8E13-4A82-AE63-F9A9DB5A93DE}"
EndProject
Project("{FAE04EC0-301F-11D3-BF4B-00C04F79EFBC}") = "BioEngine.BRC.Games", "src\BioEngine.BRC.Games\BioEngine.BRC.Games.csproj", "{7623EF36-6089-4A2B-8B00-2756D9691777}"
EndProject
Project("{2150E333-8FDC-42A3-9474-1A3956D46DE8}") = "Solution Files", "Solution Files", "{93E57DFA-D1AE-48B7-8BF0-0F5820D6C94A}"
ProjectSection(SolutionItems) = preProject
	.editorconfig = .editorconfig
	.env = .env
	.gitignore = .gitignore
	docker-compose.yml = docker-compose.yml
	LICENSE = LICENSE
	README.md = README.md
EndProjectSection
EndProject
Project("{FAE04EC0-301F-11D3-BF4B-00C04F79EFBC}") = "BioEngine.BRC.IPB", "src\BioEngine.BRC.IPB\BioEngine.BRC.IPB.csproj", "{E49FBC41-561D-40D5-A3DD-06525BD4FE07}"
EndProject
Project("{2150E333-8FDC-42A3-9474-1A3956D46DE8}") = ".github", ".github", "{98E1D0F1-55B1-42DA-91DD-316C1EFB59C7}"
ProjectSection(SolutionItems) = preProject
	.github\dependabot.yml = .github\dependabot.yml
EndProjectSection
EndProject
Project("{2150E333-8FDC-42A3-9474-1A3956D46DE8}") = "workflows", "workflows", "{734CDB1E-E055-4822-9274-7DAFBF235280}"
ProjectSection(SolutionItems) = preProject
	.github\workflows\deploy.yml = .github\workflows\deploy.yml
	.github\workflows\main.yml = .github\workflows\main.yml
EndProjectSection
EndProject
Project("{FAE04EC0-301F-11D3-BF4B-00C04F79EFBC}") = "BioEngine.BRC.Facebook", "src\BioEngine.BRC.Facebook\BioEngine.BRC.Facebook.csproj", "{F911BC75-4510-49C9-94F6-1A35EC85DC03}"
EndProject
Project("{FAE04EC0-301F-11D3-BF4B-00C04F79EFBC}") = "BioEngine.BRC.Site", "src\BioEngine.BRC.Site\BioEngine.BRC.Site.csproj", "{9EF1CF56-525E-4196-ADD3-0FDAD94AD0AB}"
EndProject
Project("{FAE04EC0-301F-11D3-BF4B-00C04F79EFBC}") = "BioEngine.BRC.Tasks", "src\BioEngine.BRC.Tasks\BioEngine.BRC.Tasks.csproj", "{A1CD47A3-511C-4383-A437-01AA6DF342B3}"
EndProject
Project("{FAE04EC0-301F-11D3-BF4B-00C04F79EFBC}") = "BioEngine.BRC.Twitter", "src\BioEngine.BRC.Twitter\BioEngine.BRC.Twitter.csproj", "{F9185285-3C5B-45E5-B041-FF1D18B0FB1B}"
EndProject
Project("{FAE04EC0-301F-11D3-BF4B-00C04F79EFBC}") = "BioEngine.BRC.Ads", "src\BioEngine.BRC.Ads\BioEngine.BRC.Ads.csproj", "{92907C69-ED5D-4320-BE98-3D8ED5F0A819}"
EndProject
Project("{FAE04EC0-301F-11D3-BF4B-00C04F79EFBC}") = "BioEngine.BRC.Seo", "src\BioEngine.BRC.Seo\BioEngine.BRC.Seo.csproj", "{E4F4EE86-6BB7-4B27-AA63-E66828E54960}"
EndProject
Project("{FAE04EC0-301F-11D3-BF4B-00C04F79EFBC}") = "BioEngine.BRC.Posts", "src\BioEngine.BRC.Posts\BioEngine.BRC.Posts.csproj", "{A0235422-1056-4594-850C-F81818BB5730}"
EndProject
Project("{FAE04EC0-301F-11D3-BF4B-00C04F79EFBC}") = "BioEngine.BRC.Web", "src\BioEngine.BRC.Web\BioEngine.BRC.Web.csproj", "{613AB605-BEDC-47AD-99F8-83A7936B6B65}"
EndProject
Project("{FAE04EC0-301F-11D3-BF4B-00C04F79EFBC}") = "BioEngine.BRC.IPB.Admin", "src\BioEngine.BRC.IPB.Admin\BioEngine.BRC.IPB.Admin.csproj", "{12CAA6D9-1C7B-4918-9688-107F2BD856F9}"
EndProject
Project("{FAE04EC0-301F-11D3-BF4B-00C04F79EFBC}") = "BioEngine.BRC.IPB.Web", "src\BioEngine.BRC.IPB.Web\BioEngine.BRC.IPB.Web.csproj", "{DEE0801E-00C7-4D81-9996-4215B3C5490D}"
EndProject
Project("{FAE04EC0-301F-11D3-BF4B-00C04F79EFBC}") = "BioEngine.BRC.Posts.Admin", "src\BioEngine.BRC.Posts.Admin\BioEngine.BRC.Posts.Admin.csproj", "{1C5F2B05-D6D2-4901-9B39-F7425D5874DF}"
EndProject
Project("{FAE04EC0-301F-11D3-BF4B-00C04F79EFBC}") = "BioEngine.BRC.Posts.Web", "src\BioEngine.BRC.Posts.Web\BioEngine.BRC.Posts.Web.csproj", "{2CF4EAEE-A0E6-4B9B-A980-452E217D48F7}"
EndProject
Project("{FAE04EC0-301F-11D3-BF4B-00C04F79EFBC}") = "BioEngine.BRC.Ads.Admin", "src\BioEngine.BRC.Ads.Admin\BioEngine.BRC.Ads.Admin.csproj", "{3519889B-C8D1-4A4A-9ADA-7BB0EA1D855C}"
EndProject
Project("{FAE04EC0-301F-11D3-BF4B-00C04F79EFBC}") = "BioEngine.BRC.Ads.Web", "src\BioEngine.BRC.Ads.Web\BioEngine.BRC.Ads.Web.csproj", "{905B1790-3D57-47D7-9607-9925192A344C}"
EndProject
Project("{FAE04EC0-301F-11D3-BF4B-00C04F79EFBC}") = "BioEngine.BRC.Pages", "src\BioEngine.BRC.Pages\BioEngine.BRC.Pages.csproj", "{021A3FB3-9F60-437F-83E5-0AA9F5FF3087}"
EndProject
Project("{FAE04EC0-301F-11D3-BF4B-00C04F79EFBC}") = "BioEngine.BRC.Pages.Web", "src\BioEngine.BRC.Pages.Web\BioEngine.BRC.Pages.Web.csproj", "{8706EE8F-B5CA-4103-9B75-D02998F5835A}"
EndProject
Project("{FAE04EC0-301F-11D3-BF4B-00C04F79EFBC}") = "BioEngine.BRC.Pages.Admin", "src\BioEngine.BRC.Pages.Admin\BioEngine.BRC.Pages.Admin.csproj", "{41E291A0-7E3E-43E1-A9D4-80AC0FE926D1}"
EndProject
Global
	GlobalSection(SolutionConfigurationPlatforms) = preSolution
		Debug|Any CPU = Debug|Any CPU
		Debug|x64 = Debug|x64
		Debug|x86 = Debug|x86
		Release|Any CPU = Release|Any CPU
		Release|x64 = Release|x64
		Release|x86 = Release|x86
	EndGlobalSection
	GlobalSection(SolutionProperties) = preSolution
		HideSolutionNode = FALSE
	EndGlobalSection
	GlobalSection(ProjectConfigurationPlatforms) = postSolution
		{D915E910-4115-48A3-8F46-92F2BD0F8014}.Debug|Any CPU.ActiveCfg = Debug|Any CPU
		{D915E910-4115-48A3-8F46-92F2BD0F8014}.Debug|Any CPU.Build.0 = Debug|Any CPU
		{D915E910-4115-48A3-8F46-92F2BD0F8014}.Debug|x64.ActiveCfg = Debug|Any CPU
		{D915E910-4115-48A3-8F46-92F2BD0F8014}.Debug|x64.Build.0 = Debug|Any CPU
		{D915E910-4115-48A3-8F46-92F2BD0F8014}.Debug|x86.ActiveCfg = Debug|Any CPU
		{D915E910-4115-48A3-8F46-92F2BD0F8014}.Debug|x86.Build.0 = Debug|Any CPU
		{D915E910-4115-48A3-8F46-92F2BD0F8014}.Release|Any CPU.ActiveCfg = Release|Any CPU
		{D915E910-4115-48A3-8F46-92F2BD0F8014}.Release|Any CPU.Build.0 = Release|Any CPU
		{D915E910-4115-48A3-8F46-92F2BD0F8014}.Release|x64.ActiveCfg = Release|Any CPU
		{D915E910-4115-48A3-8F46-92F2BD0F8014}.Release|x64.Build.0 = Release|Any CPU
		{D915E910-4115-48A3-8F46-92F2BD0F8014}.Release|x86.ActiveCfg = Release|Any CPU
		{D915E910-4115-48A3-8F46-92F2BD0F8014}.Release|x86.Build.0 = Release|Any CPU
		{51BC079B-E229-4EE2-8655-996E150E4242}.Debug|Any CPU.ActiveCfg = Debug|Any CPU
		{51BC079B-E229-4EE2-8655-996E150E4242}.Debug|Any CPU.Build.0 = Debug|Any CPU
		{51BC079B-E229-4EE2-8655-996E150E4242}.Debug|x64.ActiveCfg = Debug|Any CPU
		{51BC079B-E229-4EE2-8655-996E150E4242}.Debug|x64.Build.0 = Debug|Any CPU
		{51BC079B-E229-4EE2-8655-996E150E4242}.Debug|x86.ActiveCfg = Debug|Any CPU
		{51BC079B-E229-4EE2-8655-996E150E4242}.Debug|x86.Build.0 = Debug|Any CPU
		{51BC079B-E229-4EE2-8655-996E150E4242}.Release|Any CPU.ActiveCfg = Release|Any CPU
		{51BC079B-E229-4EE2-8655-996E150E4242}.Release|Any CPU.Build.0 = Release|Any CPU
		{51BC079B-E229-4EE2-8655-996E150E4242}.Release|x64.ActiveCfg = Release|Any CPU
		{51BC079B-E229-4EE2-8655-996E150E4242}.Release|x64.Build.0 = Release|Any CPU
		{51BC079B-E229-4EE2-8655-996E150E4242}.Release|x86.ActiveCfg = Release|Any CPU
		{51BC079B-E229-4EE2-8655-996E150E4242}.Release|x86.Build.0 = Release|Any CPU
		{14FF567C-8E13-4A82-AE63-F9A9DB5A93DE}.Debug|Any CPU.ActiveCfg = Debug|Any CPU
		{14FF567C-8E13-4A82-AE63-F9A9DB5A93DE}.Debug|Any CPU.Build.0 = Debug|Any CPU
		{14FF567C-8E13-4A82-AE63-F9A9DB5A93DE}.Debug|x64.ActiveCfg = Debug|Any CPU
		{14FF567C-8E13-4A82-AE63-F9A9DB5A93DE}.Debug|x64.Build.0 = Debug|Any CPU
		{14FF567C-8E13-4A82-AE63-F9A9DB5A93DE}.Debug|x86.ActiveCfg = Debug|Any CPU
		{14FF567C-8E13-4A82-AE63-F9A9DB5A93DE}.Debug|x86.Build.0 = Debug|Any CPU
		{14FF567C-8E13-4A82-AE63-F9A9DB5A93DE}.Release|Any CPU.ActiveCfg = Release|Any CPU
		{14FF567C-8E13-4A82-AE63-F9A9DB5A93DE}.Release|Any CPU.Build.0 = Release|Any CPU
		{14FF567C-8E13-4A82-AE63-F9A9DB5A93DE}.Release|x64.ActiveCfg = Release|Any CPU
		{14FF567C-8E13-4A82-AE63-F9A9DB5A93DE}.Release|x64.Build.0 = Release|Any CPU
		{14FF567C-8E13-4A82-AE63-F9A9DB5A93DE}.Release|x86.ActiveCfg = Release|Any CPU
		{14FF567C-8E13-4A82-AE63-F9A9DB5A93DE}.Release|x86.Build.0 = Release|Any CPU
		{7623EF36-6089-4A2B-8B00-2756D9691777}.Debug|Any CPU.ActiveCfg = Debug|Any CPU
		{7623EF36-6089-4A2B-8B00-2756D9691777}.Debug|Any CPU.Build.0 = Debug|Any CPU
		{7623EF36-6089-4A2B-8B00-2756D9691777}.Debug|x64.ActiveCfg = Debug|Any CPU
		{7623EF36-6089-4A2B-8B00-2756D9691777}.Debug|x64.Build.0 = Debug|Any CPU
		{7623EF36-6089-4A2B-8B00-2756D9691777}.Debug|x86.ActiveCfg = Debug|Any CPU
		{7623EF36-6089-4A2B-8B00-2756D9691777}.Debug|x86.Build.0 = Debug|Any CPU
		{7623EF36-6089-4A2B-8B00-2756D9691777}.Release|Any CPU.ActiveCfg = Release|Any CPU
		{7623EF36-6089-4A2B-8B00-2756D9691777}.Release|Any CPU.Build.0 = Release|Any CPU
		{7623EF36-6089-4A2B-8B00-2756D9691777}.Release|x64.ActiveCfg = Release|Any CPU
		{7623EF36-6089-4A2B-8B00-2756D9691777}.Release|x64.Build.0 = Release|Any CPU
		{7623EF36-6089-4A2B-8B00-2756D9691777}.Release|x86.ActiveCfg = Release|Any CPU
		{7623EF36-6089-4A2B-8B00-2756D9691777}.Release|x86.Build.0 = Release|Any CPU
		{E49FBC41-561D-40D5-A3DD-06525BD4FE07}.Debug|Any CPU.ActiveCfg = Debug|Any CPU
		{E49FBC41-561D-40D5-A3DD-06525BD4FE07}.Debug|Any CPU.Build.0 = Debug|Any CPU
		{E49FBC41-561D-40D5-A3DD-06525BD4FE07}.Debug|x64.ActiveCfg = Debug|Any CPU
		{E49FBC41-561D-40D5-A3DD-06525BD4FE07}.Debug|x64.Build.0 = Debug|Any CPU
		{E49FBC41-561D-40D5-A3DD-06525BD4FE07}.Debug|x86.ActiveCfg = Debug|Any CPU
		{E49FBC41-561D-40D5-A3DD-06525BD4FE07}.Debug|x86.Build.0 = Debug|Any CPU
		{E49FBC41-561D-40D5-A3DD-06525BD4FE07}.Release|Any CPU.ActiveCfg = Release|Any CPU
		{E49FBC41-561D-40D5-A3DD-06525BD4FE07}.Release|Any CPU.Build.0 = Release|Any CPU
		{E49FBC41-561D-40D5-A3DD-06525BD4FE07}.Release|x64.ActiveCfg = Release|Any CPU
		{E49FBC41-561D-40D5-A3DD-06525BD4FE07}.Release|x64.Build.0 = Release|Any CPU
		{E49FBC41-561D-40D5-A3DD-06525BD4FE07}.Release|x86.ActiveCfg = Release|Any CPU
		{E49FBC41-561D-40D5-A3DD-06525BD4FE07}.Release|x86.Build.0 = Release|Any CPU
		{F911BC75-4510-49C9-94F6-1A35EC85DC03}.Debug|Any CPU.ActiveCfg = Debug|Any CPU
		{F911BC75-4510-49C9-94F6-1A35EC85DC03}.Debug|Any CPU.Build.0 = Debug|Any CPU
		{F911BC75-4510-49C9-94F6-1A35EC85DC03}.Debug|x64.ActiveCfg = Debug|Any CPU
		{F911BC75-4510-49C9-94F6-1A35EC85DC03}.Debug|x64.Build.0 = Debug|Any CPU
		{F911BC75-4510-49C9-94F6-1A35EC85DC03}.Debug|x86.ActiveCfg = Debug|Any CPU
		{F911BC75-4510-49C9-94F6-1A35EC85DC03}.Debug|x86.Build.0 = Debug|Any CPU
		{F911BC75-4510-49C9-94F6-1A35EC85DC03}.Release|Any CPU.ActiveCfg = Release|Any CPU
		{F911BC75-4510-49C9-94F6-1A35EC85DC03}.Release|Any CPU.Build.0 = Release|Any CPU
		{F911BC75-4510-49C9-94F6-1A35EC85DC03}.Release|x64.ActiveCfg = Release|Any CPU
		{F911BC75-4510-49C9-94F6-1A35EC85DC03}.Release|x64.Build.0 = Release|Any CPU
		{F911BC75-4510-49C9-94F6-1A35EC85DC03}.Release|x86.ActiveCfg = Release|Any CPU
		{F911BC75-4510-49C9-94F6-1A35EC85DC03}.Release|x86.Build.0 = Release|Any CPU
		{9EF1CF56-525E-4196-ADD3-0FDAD94AD0AB}.Debug|Any CPU.ActiveCfg = Debug|Any CPU
		{9EF1CF56-525E-4196-ADD3-0FDAD94AD0AB}.Debug|Any CPU.Build.0 = Debug|Any CPU
		{9EF1CF56-525E-4196-ADD3-0FDAD94AD0AB}.Debug|x64.ActiveCfg = Debug|Any CPU
		{9EF1CF56-525E-4196-ADD3-0FDAD94AD0AB}.Debug|x64.Build.0 = Debug|Any CPU
		{9EF1CF56-525E-4196-ADD3-0FDAD94AD0AB}.Debug|x86.ActiveCfg = Debug|Any CPU
		{9EF1CF56-525E-4196-ADD3-0FDAD94AD0AB}.Debug|x86.Build.0 = Debug|Any CPU
		{9EF1CF56-525E-4196-ADD3-0FDAD94AD0AB}.Release|Any CPU.ActiveCfg = Release|Any CPU
		{9EF1CF56-525E-4196-ADD3-0FDAD94AD0AB}.Release|Any CPU.Build.0 = Release|Any CPU
		{9EF1CF56-525E-4196-ADD3-0FDAD94AD0AB}.Release|x64.ActiveCfg = Release|Any CPU
		{9EF1CF56-525E-4196-ADD3-0FDAD94AD0AB}.Release|x64.Build.0 = Release|Any CPU
		{9EF1CF56-525E-4196-ADD3-0FDAD94AD0AB}.Release|x86.ActiveCfg = Release|Any CPU
		{9EF1CF56-525E-4196-ADD3-0FDAD94AD0AB}.Release|x86.Build.0 = Release|Any CPU
		{A1CD47A3-511C-4383-A437-01AA6DF342B3}.Debug|Any CPU.ActiveCfg = Debug|Any CPU
		{A1CD47A3-511C-4383-A437-01AA6DF342B3}.Debug|Any CPU.Build.0 = Debug|Any CPU
		{A1CD47A3-511C-4383-A437-01AA6DF342B3}.Debug|x64.ActiveCfg = Debug|Any CPU
		{A1CD47A3-511C-4383-A437-01AA6DF342B3}.Debug|x64.Build.0 = Debug|Any CPU
		{A1CD47A3-511C-4383-A437-01AA6DF342B3}.Debug|x86.ActiveCfg = Debug|Any CPU
		{A1CD47A3-511C-4383-A437-01AA6DF342B3}.Debug|x86.Build.0 = Debug|Any CPU
		{A1CD47A3-511C-4383-A437-01AA6DF342B3}.Release|Any CPU.ActiveCfg = Release|Any CPU
		{A1CD47A3-511C-4383-A437-01AA6DF342B3}.Release|Any CPU.Build.0 = Release|Any CPU
		{A1CD47A3-511C-4383-A437-01AA6DF342B3}.Release|x64.ActiveCfg = Release|Any CPU
		{A1CD47A3-511C-4383-A437-01AA6DF342B3}.Release|x64.Build.0 = Release|Any CPU
		{A1CD47A3-511C-4383-A437-01AA6DF342B3}.Release|x86.ActiveCfg = Release|Any CPU
		{A1CD47A3-511C-4383-A437-01AA6DF342B3}.Release|x86.Build.0 = Release|Any CPU
		{F9185285-3C5B-45E5-B041-FF1D18B0FB1B}.Debug|Any CPU.ActiveCfg = Debug|Any CPU
		{F9185285-3C5B-45E5-B041-FF1D18B0FB1B}.Debug|Any CPU.Build.0 = Debug|Any CPU
		{F9185285-3C5B-45E5-B041-FF1D18B0FB1B}.Debug|x64.ActiveCfg = Debug|Any CPU
		{F9185285-3C5B-45E5-B041-FF1D18B0FB1B}.Debug|x64.Build.0 = Debug|Any CPU
		{F9185285-3C5B-45E5-B041-FF1D18B0FB1B}.Debug|x86.ActiveCfg = Debug|Any CPU
		{F9185285-3C5B-45E5-B041-FF1D18B0FB1B}.Debug|x86.Build.0 = Debug|Any CPU
		{F9185285-3C5B-45E5-B041-FF1D18B0FB1B}.Release|Any CPU.ActiveCfg = Release|Any CPU
		{F9185285-3C5B-45E5-B041-FF1D18B0FB1B}.Release|Any CPU.Build.0 = Release|Any CPU
		{F9185285-3C5B-45E5-B041-FF1D18B0FB1B}.Release|x64.ActiveCfg = Release|Any CPU
		{F9185285-3C5B-45E5-B041-FF1D18B0FB1B}.Release|x64.Build.0 = Release|Any CPU
		{F9185285-3C5B-45E5-B041-FF1D18B0FB1B}.Release|x86.ActiveCfg = Release|Any CPU
		{F9185285-3C5B-45E5-B041-FF1D18B0FB1B}.Release|x86.Build.0 = Release|Any CPU
		{92907C69-ED5D-4320-BE98-3D8ED5F0A819}.Debug|Any CPU.ActiveCfg = Debug|Any CPU
		{92907C69-ED5D-4320-BE98-3D8ED5F0A819}.Debug|Any CPU.Build.0 = Debug|Any CPU
		{92907C69-ED5D-4320-BE98-3D8ED5F0A819}.Debug|x64.ActiveCfg = Debug|Any CPU
		{92907C69-ED5D-4320-BE98-3D8ED5F0A819}.Debug|x64.Build.0 = Debug|Any CPU
		{92907C69-ED5D-4320-BE98-3D8ED5F0A819}.Debug|x86.ActiveCfg = Debug|Any CPU
		{92907C69-ED5D-4320-BE98-3D8ED5F0A819}.Debug|x86.Build.0 = Debug|Any CPU
		{92907C69-ED5D-4320-BE98-3D8ED5F0A819}.Release|Any CPU.ActiveCfg = Release|Any CPU
		{92907C69-ED5D-4320-BE98-3D8ED5F0A819}.Release|Any CPU.Build.0 = Release|Any CPU
		{92907C69-ED5D-4320-BE98-3D8ED5F0A819}.Release|x64.ActiveCfg = Release|Any CPU
		{92907C69-ED5D-4320-BE98-3D8ED5F0A819}.Release|x64.Build.0 = Release|Any CPU
		{92907C69-ED5D-4320-BE98-3D8ED5F0A819}.Release|x86.ActiveCfg = Release|Any CPU
		{92907C69-ED5D-4320-BE98-3D8ED5F0A819}.Release|x86.Build.0 = Release|Any CPU
		{E4F4EE86-6BB7-4B27-AA63-E66828E54960}.Debug|Any CPU.ActiveCfg = Debug|Any CPU
		{E4F4EE86-6BB7-4B27-AA63-E66828E54960}.Debug|Any CPU.Build.0 = Debug|Any CPU
		{E4F4EE86-6BB7-4B27-AA63-E66828E54960}.Debug|x64.ActiveCfg = Debug|Any CPU
		{E4F4EE86-6BB7-4B27-AA63-E66828E54960}.Debug|x64.Build.0 = Debug|Any CPU
		{E4F4EE86-6BB7-4B27-AA63-E66828E54960}.Debug|x86.ActiveCfg = Debug|Any CPU
		{E4F4EE86-6BB7-4B27-AA63-E66828E54960}.Debug|x86.Build.0 = Debug|Any CPU
		{E4F4EE86-6BB7-4B27-AA63-E66828E54960}.Release|Any CPU.ActiveCfg = Release|Any CPU
		{E4F4EE86-6BB7-4B27-AA63-E66828E54960}.Release|Any CPU.Build.0 = Release|Any CPU
		{E4F4EE86-6BB7-4B27-AA63-E66828E54960}.Release|x64.ActiveCfg = Release|Any CPU
		{E4F4EE86-6BB7-4B27-AA63-E66828E54960}.Release|x64.Build.0 = Release|Any CPU
		{E4F4EE86-6BB7-4B27-AA63-E66828E54960}.Release|x86.ActiveCfg = Release|Any CPU
		{E4F4EE86-6BB7-4B27-AA63-E66828E54960}.Release|x86.Build.0 = Release|Any CPU
		{A0235422-1056-4594-850C-F81818BB5730}.Debug|Any CPU.ActiveCfg = Debug|Any CPU
		{A0235422-1056-4594-850C-F81818BB5730}.Debug|Any CPU.Build.0 = Debug|Any CPU
		{A0235422-1056-4594-850C-F81818BB5730}.Debug|x64.ActiveCfg = Debug|Any CPU
		{A0235422-1056-4594-850C-F81818BB5730}.Debug|x64.Build.0 = Debug|Any CPU
		{A0235422-1056-4594-850C-F81818BB5730}.Debug|x86.ActiveCfg = Debug|Any CPU
		{A0235422-1056-4594-850C-F81818BB5730}.Debug|x86.Build.0 = Debug|Any CPU
		{A0235422-1056-4594-850C-F81818BB5730}.Release|Any CPU.ActiveCfg = Release|Any CPU
		{A0235422-1056-4594-850C-F81818BB5730}.Release|Any CPU.Build.0 = Release|Any CPU
		{A0235422-1056-4594-850C-F81818BB5730}.Release|x64.ActiveCfg = Release|Any CPU
		{A0235422-1056-4594-850C-F81818BB5730}.Release|x64.Build.0 = Release|Any CPU
		{A0235422-1056-4594-850C-F81818BB5730}.Release|x86.ActiveCfg = Release|Any CPU
		{A0235422-1056-4594-850C-F81818BB5730}.Release|x86.Build.0 = Release|Any CPU
		{613AB605-BEDC-47AD-99F8-83A7936B6B65}.Debug|Any CPU.ActiveCfg = Debug|Any CPU
		{613AB605-BEDC-47AD-99F8-83A7936B6B65}.Debug|Any CPU.Build.0 = Debug|Any CPU
		{613AB605-BEDC-47AD-99F8-83A7936B6B65}.Debug|x64.ActiveCfg = Debug|Any CPU
		{613AB605-BEDC-47AD-99F8-83A7936B6B65}.Debug|x64.Build.0 = Debug|Any CPU
		{613AB605-BEDC-47AD-99F8-83A7936B6B65}.Debug|x86.ActiveCfg = Debug|Any CPU
		{613AB605-BEDC-47AD-99F8-83A7936B6B65}.Debug|x86.Build.0 = Debug|Any CPU
		{613AB605-BEDC-47AD-99F8-83A7936B6B65}.Release|Any CPU.ActiveCfg = Release|Any CPU
		{613AB605-BEDC-47AD-99F8-83A7936B6B65}.Release|Any CPU.Build.0 = Release|Any CPU
		{613AB605-BEDC-47AD-99F8-83A7936B6B65}.Release|x64.ActiveCfg = Release|Any CPU
		{613AB605-BEDC-47AD-99F8-83A7936B6B65}.Release|x64.Build.0 = Release|Any CPU
		{613AB605-BEDC-47AD-99F8-83A7936B6B65}.Release|x86.ActiveCfg = Release|Any CPU
		{613AB605-BEDC-47AD-99F8-83A7936B6B65}.Release|x86.Build.0 = Release|Any CPU
		{12CAA6D9-1C7B-4918-9688-107F2BD856F9}.Debug|Any CPU.ActiveCfg = Debug|Any CPU
		{12CAA6D9-1C7B-4918-9688-107F2BD856F9}.Debug|Any CPU.Build.0 = Debug|Any CPU
		{12CAA6D9-1C7B-4918-9688-107F2BD856F9}.Debug|x64.ActiveCfg = Debug|Any CPU
		{12CAA6D9-1C7B-4918-9688-107F2BD856F9}.Debug|x64.Build.0 = Debug|Any CPU
		{12CAA6D9-1C7B-4918-9688-107F2BD856F9}.Debug|x86.ActiveCfg = Debug|Any CPU
		{12CAA6D9-1C7B-4918-9688-107F2BD856F9}.Debug|x86.Build.0 = Debug|Any CPU
		{12CAA6D9-1C7B-4918-9688-107F2BD856F9}.Release|Any CPU.ActiveCfg = Release|Any CPU
		{12CAA6D9-1C7B-4918-9688-107F2BD856F9}.Release|Any CPU.Build.0 = Release|Any CPU
		{12CAA6D9-1C7B-4918-9688-107F2BD856F9}.Release|x64.ActiveCfg = Release|Any CPU
		{12CAA6D9-1C7B-4918-9688-107F2BD856F9}.Release|x64.Build.0 = Release|Any CPU
		{12CAA6D9-1C7B-4918-9688-107F2BD856F9}.Release|x86.ActiveCfg = Release|Any CPU
		{12CAA6D9-1C7B-4918-9688-107F2BD856F9}.Release|x86.Build.0 = Release|Any CPU
		{DEE0801E-00C7-4D81-9996-4215B3C5490D}.Debug|Any CPU.ActiveCfg = Debug|Any CPU
		{DEE0801E-00C7-4D81-9996-4215B3C5490D}.Debug|Any CPU.Build.0 = Debug|Any CPU
		{DEE0801E-00C7-4D81-9996-4215B3C5490D}.Debug|x64.ActiveCfg = Debug|Any CPU
		{DEE0801E-00C7-4D81-9996-4215B3C5490D}.Debug|x64.Build.0 = Debug|Any CPU
		{DEE0801E-00C7-4D81-9996-4215B3C5490D}.Debug|x86.ActiveCfg = Debug|Any CPU
		{DEE0801E-00C7-4D81-9996-4215B3C5490D}.Debug|x86.Build.0 = Debug|Any CPU
		{DEE0801E-00C7-4D81-9996-4215B3C5490D}.Release|Any CPU.ActiveCfg = Release|Any CPU
		{DEE0801E-00C7-4D81-9996-4215B3C5490D}.Release|Any CPU.Build.0 = Release|Any CPU
		{DEE0801E-00C7-4D81-9996-4215B3C5490D}.Release|x64.ActiveCfg = Release|Any CPU
		{DEE0801E-00C7-4D81-9996-4215B3C5490D}.Release|x64.Build.0 = Release|Any CPU
		{DEE0801E-00C7-4D81-9996-4215B3C5490D}.Release|x86.ActiveCfg = Release|Any CPU
		{DEE0801E-00C7-4D81-9996-4215B3C5490D}.Release|x86.Build.0 = Release|Any CPU
		{1C5F2B05-D6D2-4901-9B39-F7425D5874DF}.Debug|Any CPU.ActiveCfg = Debug|Any CPU
		{1C5F2B05-D6D2-4901-9B39-F7425D5874DF}.Debug|Any CPU.Build.0 = Debug|Any CPU
		{1C5F2B05-D6D2-4901-9B39-F7425D5874DF}.Debug|x64.ActiveCfg = Debug|Any CPU
		{1C5F2B05-D6D2-4901-9B39-F7425D5874DF}.Debug|x64.Build.0 = Debug|Any CPU
		{1C5F2B05-D6D2-4901-9B39-F7425D5874DF}.Debug|x86.ActiveCfg = Debug|Any CPU
		{1C5F2B05-D6D2-4901-9B39-F7425D5874DF}.Debug|x86.Build.0 = Debug|Any CPU
		{1C5F2B05-D6D2-4901-9B39-F7425D5874DF}.Release|Any CPU.ActiveCfg = Release|Any CPU
		{1C5F2B05-D6D2-4901-9B39-F7425D5874DF}.Release|Any CPU.Build.0 = Release|Any CPU
		{1C5F2B05-D6D2-4901-9B39-F7425D5874DF}.Release|x64.ActiveCfg = Release|Any CPU
		{1C5F2B05-D6D2-4901-9B39-F7425D5874DF}.Release|x64.Build.0 = Release|Any CPU
		{1C5F2B05-D6D2-4901-9B39-F7425D5874DF}.Release|x86.ActiveCfg = Release|Any CPU
		{1C5F2B05-D6D2-4901-9B39-F7425D5874DF}.Release|x86.Build.0 = Release|Any CPU
		{2CF4EAEE-A0E6-4B9B-A980-452E217D48F7}.Debug|Any CPU.ActiveCfg = Debug|Any CPU
		{2CF4EAEE-A0E6-4B9B-A980-452E217D48F7}.Debug|Any CPU.Build.0 = Debug|Any CPU
		{2CF4EAEE-A0E6-4B9B-A980-452E217D48F7}.Debug|x64.ActiveCfg = Debug|Any CPU
		{2CF4EAEE-A0E6-4B9B-A980-452E217D48F7}.Debug|x64.Build.0 = Debug|Any CPU
		{2CF4EAEE-A0E6-4B9B-A980-452E217D48F7}.Debug|x86.ActiveCfg = Debug|Any CPU
		{2CF4EAEE-A0E6-4B9B-A980-452E217D48F7}.Debug|x86.Build.0 = Debug|Any CPU
		{2CF4EAEE-A0E6-4B9B-A980-452E217D48F7}.Release|Any CPU.ActiveCfg = Release|Any CPU
		{2CF4EAEE-A0E6-4B9B-A980-452E217D48F7}.Release|Any CPU.Build.0 = Release|Any CPU
		{2CF4EAEE-A0E6-4B9B-A980-452E217D48F7}.Release|x64.ActiveCfg = Release|Any CPU
		{2CF4EAEE-A0E6-4B9B-A980-452E217D48F7}.Release|x64.Build.0 = Release|Any CPU
		{2CF4EAEE-A0E6-4B9B-A980-452E217D48F7}.Release|x86.ActiveCfg = Release|Any CPU
		{2CF4EAEE-A0E6-4B9B-A980-452E217D48F7}.Release|x86.Build.0 = Release|Any CPU
		{3519889B-C8D1-4A4A-9ADA-7BB0EA1D855C}.Debug|Any CPU.ActiveCfg = Debug|Any CPU
		{3519889B-C8D1-4A4A-9ADA-7BB0EA1D855C}.Debug|Any CPU.Build.0 = Debug|Any CPU
		{3519889B-C8D1-4A4A-9ADA-7BB0EA1D855C}.Debug|x64.ActiveCfg = Debug|Any CPU
		{3519889B-C8D1-4A4A-9ADA-7BB0EA1D855C}.Debug|x64.Build.0 = Debug|Any CPU
		{3519889B-C8D1-4A4A-9ADA-7BB0EA1D855C}.Debug|x86.ActiveCfg = Debug|Any CPU
		{3519889B-C8D1-4A4A-9ADA-7BB0EA1D855C}.Debug|x86.Build.0 = Debug|Any CPU
		{3519889B-C8D1-4A4A-9ADA-7BB0EA1D855C}.Release|Any CPU.ActiveCfg = Release|Any CPU
		{3519889B-C8D1-4A4A-9ADA-7BB0EA1D855C}.Release|Any CPU.Build.0 = Release|Any CPU
		{3519889B-C8D1-4A4A-9ADA-7BB0EA1D855C}.Release|x64.ActiveCfg = Release|Any CPU
		{3519889B-C8D1-4A4A-9ADA-7BB0EA1D855C}.Release|x64.Build.0 = Release|Any CPU
		{3519889B-C8D1-4A4A-9ADA-7BB0EA1D855C}.Release|x86.ActiveCfg = Release|Any CPU
		{3519889B-C8D1-4A4A-9ADA-7BB0EA1D855C}.Release|x86.Build.0 = Release|Any CPU
		{905B1790-3D57-47D7-9607-9925192A344C}.Debug|Any CPU.ActiveCfg = Debug|Any CPU
		{905B1790-3D57-47D7-9607-9925192A344C}.Debug|Any CPU.Build.0 = Debug|Any CPU
		{905B1790-3D57-47D7-9607-9925192A344C}.Debug|x64.ActiveCfg = Debug|Any CPU
		{905B1790-3D57-47D7-9607-9925192A344C}.Debug|x64.Build.0 = Debug|Any CPU
		{905B1790-3D57-47D7-9607-9925192A344C}.Debug|x86.ActiveCfg = Debug|Any CPU
		{905B1790-3D57-47D7-9607-9925192A344C}.Debug|x86.Build.0 = Debug|Any CPU
		{905B1790-3D57-47D7-9607-9925192A344C}.Release|Any CPU.ActiveCfg = Release|Any CPU
		{905B1790-3D57-47D7-9607-9925192A344C}.Release|Any CPU.Build.0 = Release|Any CPU
		{905B1790-3D57-47D7-9607-9925192A344C}.Release|x64.ActiveCfg = Release|Any CPU
		{905B1790-3D57-47D7-9607-9925192A344C}.Release|x64.Build.0 = Release|Any CPU
		{905B1790-3D57-47D7-9607-9925192A344C}.Release|x86.ActiveCfg = Release|Any CPU
		{905B1790-3D57-47D7-9607-9925192A344C}.Release|x86.Build.0 = Release|Any CPU
		{021A3FB3-9F60-437F-83E5-0AA9F5FF3087}.Debug|Any CPU.ActiveCfg = Debug|Any CPU
		{021A3FB3-9F60-437F-83E5-0AA9F5FF3087}.Debug|Any CPU.Build.0 = Debug|Any CPU
		{021A3FB3-9F60-437F-83E5-0AA9F5FF3087}.Debug|x64.ActiveCfg = Debug|Any CPU
		{021A3FB3-9F60-437F-83E5-0AA9F5FF3087}.Debug|x64.Build.0 = Debug|Any CPU
		{021A3FB3-9F60-437F-83E5-0AA9F5FF3087}.Debug|x86.ActiveCfg = Debug|Any CPU
		{021A3FB3-9F60-437F-83E5-0AA9F5FF3087}.Debug|x86.Build.0 = Debug|Any CPU
		{021A3FB3-9F60-437F-83E5-0AA9F5FF3087}.Release|Any CPU.ActiveCfg = Release|Any CPU
		{021A3FB3-9F60-437F-83E5-0AA9F5FF3087}.Release|Any CPU.Build.0 = Release|Any CPU
		{021A3FB3-9F60-437F-83E5-0AA9F5FF3087}.Release|x64.ActiveCfg = Release|Any CPU
		{021A3FB3-9F60-437F-83E5-0AA9F5FF3087}.Release|x64.Build.0 = Release|Any CPU
		{021A3FB3-9F60-437F-83E5-0AA9F5FF3087}.Release|x86.ActiveCfg = Release|Any CPU
		{021A3FB3-9F60-437F-83E5-0AA9F5FF3087}.Release|x86.Build.0 = Release|Any CPU
		{8706EE8F-B5CA-4103-9B75-D02998F5835A}.Debug|Any CPU.ActiveCfg = Debug|Any CPU
		{8706EE8F-B5CA-4103-9B75-D02998F5835A}.Debug|Any CPU.Build.0 = Debug|Any CPU
		{8706EE8F-B5CA-4103-9B75-D02998F5835A}.Debug|x64.ActiveCfg = Debug|Any CPU
		{8706EE8F-B5CA-4103-9B75-D02998F5835A}.Debug|x64.Build.0 = Debug|Any CPU
		{8706EE8F-B5CA-4103-9B75-D02998F5835A}.Debug|x86.ActiveCfg = Debug|Any CPU
		{8706EE8F-B5CA-4103-9B75-D02998F5835A}.Debug|x86.Build.0 = Debug|Any CPU
		{8706EE8F-B5CA-4103-9B75-D02998F5835A}.Release|Any CPU.ActiveCfg = Release|Any CPU
		{8706EE8F-B5CA-4103-9B75-D02998F5835A}.Release|Any CPU.Build.0 = Release|Any CPU
		{8706EE8F-B5CA-4103-9B75-D02998F5835A}.Release|x64.ActiveCfg = Release|Any CPU
		{8706EE8F-B5CA-4103-9B75-D02998F5835A}.Release|x64.Build.0 = Release|Any CPU
		{8706EE8F-B5CA-4103-9B75-D02998F5835A}.Release|x86.ActiveCfg = Release|Any CPU
		{8706EE8F-B5CA-4103-9B75-D02998F5835A}.Release|x86.Build.0 = Release|Any CPU
		{41E291A0-7E3E-43E1-A9D4-80AC0FE926D1}.Debug|Any CPU.ActiveCfg = Debug|Any CPU
		{41E291A0-7E3E-43E1-A9D4-80AC0FE926D1}.Debug|Any CPU.Build.0 = Debug|Any CPU
		{41E291A0-7E3E-43E1-A9D4-80AC0FE926D1}.Debug|x64.ActiveCfg = Debug|Any CPU
		{41E291A0-7E3E-43E1-A9D4-80AC0FE926D1}.Debug|x64.Build.0 = Debug|Any CPU
		{41E291A0-7E3E-43E1-A9D4-80AC0FE926D1}.Debug|x86.ActiveCfg = Debug|Any CPU
		{41E291A0-7E3E-43E1-A9D4-80AC0FE926D1}.Debug|x86.Build.0 = Debug|Any CPU
		{41E291A0-7E3E-43E1-A9D4-80AC0FE926D1}.Release|Any CPU.ActiveCfg = Release|Any CPU
		{41E291A0-7E3E-43E1-A9D4-80AC0FE926D1}.Release|Any CPU.Build.0 = Release|Any CPU
		{41E291A0-7E3E-43E1-A9D4-80AC0FE926D1}.Release|x64.ActiveCfg = Release|Any CPU
		{41E291A0-7E3E-43E1-A9D4-80AC0FE926D1}.Release|x64.Build.0 = Release|Any CPU
		{41E291A0-7E3E-43E1-A9D4-80AC0FE926D1}.Release|x86.ActiveCfg = Release|Any CPU
		{41E291A0-7E3E-43E1-A9D4-80AC0FE926D1}.Release|x86.Build.0 = Release|Any CPU
	EndGlobalSection
	GlobalSection(NestedProjects) = preSolution
		{D915E910-4115-48A3-8F46-92F2BD0F8014} = {869C6232-DD0A-43EC-86B0-9B8136D569D2}
		{51BC079B-E229-4EE2-8655-996E150E4242} = {869C6232-DD0A-43EC-86B0-9B8136D569D2}
		{14FF567C-8E13-4A82-AE63-F9A9DB5A93DE} = {869C6232-DD0A-43EC-86B0-9B8136D569D2}
		{7623EF36-6089-4A2B-8B00-2756D9691777} = {869C6232-DD0A-43EC-86B0-9B8136D569D2}
		{E49FBC41-561D-40D5-A3DD-06525BD4FE07} = {869C6232-DD0A-43EC-86B0-9B8136D569D2}
		{734CDB1E-E055-4822-9274-7DAFBF235280} = {98E1D0F1-55B1-42DA-91DD-316C1EFB59C7}
		{F911BC75-4510-49C9-94F6-1A35EC85DC03} = {869C6232-DD0A-43EC-86B0-9B8136D569D2}
		{9EF1CF56-525E-4196-ADD3-0FDAD94AD0AB} = {869C6232-DD0A-43EC-86B0-9B8136D569D2}
		{A1CD47A3-511C-4383-A437-01AA6DF342B3} = {869C6232-DD0A-43EC-86B0-9B8136D569D2}
		{F9185285-3C5B-45E5-B041-FF1D18B0FB1B} = {869C6232-DD0A-43EC-86B0-9B8136D569D2}
		{92907C69-ED5D-4320-BE98-3D8ED5F0A819} = {869C6232-DD0A-43EC-86B0-9B8136D569D2}
		{E4F4EE86-6BB7-4B27-AA63-E66828E54960} = {869C6232-DD0A-43EC-86B0-9B8136D569D2}
		{A0235422-1056-4594-850C-F81818BB5730} = {869C6232-DD0A-43EC-86B0-9B8136D569D2}
		{613AB605-BEDC-47AD-99F8-83A7936B6B65} = {869C6232-DD0A-43EC-86B0-9B8136D569D2}
		{12CAA6D9-1C7B-4918-9688-107F2BD856F9} = {869C6232-DD0A-43EC-86B0-9B8136D569D2}
		{DEE0801E-00C7-4D81-9996-4215B3C5490D} = {869C6232-DD0A-43EC-86B0-9B8136D569D2}
		{1C5F2B05-D6D2-4901-9B39-F7425D5874DF} = {869C6232-DD0A-43EC-86B0-9B8136D569D2}
		{2CF4EAEE-A0E6-4B9B-A980-452E217D48F7} = {869C6232-DD0A-43EC-86B0-9B8136D569D2}
		{3519889B-C8D1-4A4A-9ADA-7BB0EA1D855C} = {869C6232-DD0A-43EC-86B0-9B8136D569D2}
		{905B1790-3D57-47D7-9607-9925192A344C} = {869C6232-DD0A-43EC-86B0-9B8136D569D2}
		{021A3FB3-9F60-437F-83E5-0AA9F5FF3087} = {869C6232-DD0A-43EC-86B0-9B8136D569D2}
		{8706EE8F-B5CA-4103-9B75-D02998F5835A} = {869C6232-DD0A-43EC-86B0-9B8136D569D2}
		{41E291A0-7E3E-43E1-A9D4-80AC0FE926D1} = {869C6232-DD0A-43EC-86B0-9B8136D569D2}
	EndGlobalSection
EndGlobal
