
Microsoft Visual Studio Solution File, Format Version 12.00
# Visual Studio Version 16
VisualStudioVersion = 16.0.28729.10
MinimumVisualStudioVersion = 15.0.26124.0
Project("{9A19103F-16F7-4668-BE54-9A1E7A4F7556}") = "BioEngine.BRC.Api", "..\BioEngine.BRC.Api\src\BioEngine.BRC.Api\BioEngine.BRC.Api.csproj", "{076A1B3B-46BF-4A95-94BF-3D618FAD1573}"
EndProject
Project("{9A19103F-16F7-4668-BE54-9A1E7A4F7556}") = "BioEngine.BRC.BioWare", "..\BioEngine.BRC.BioWare\src\BioEngine.BRC.BioWare\BioEngine.BRC.BioWare.csproj", "{E61DCC27-5CC5-471A-B0DA-3396E5F6ED48}"
EndProject
Project("{FAE04EC0-301F-11D3-BF4B-00C04F79EFBC}") = "BioEngine.BRC.Games", "..\BioEngine.BRC.Games\src\BioEngine.BRC.Games\BioEngine.BRC.Games.csproj", "{C5106D93-3B60-4BCB-9FE4-8E1A5C27144C}"
EndProject
Project("{FAE04EC0-301F-11D3-BF4B-00C04F79EFBC}") = "BioEngine.BRC.Common", "..\BioEngine.BRC.Common\src\BioEngine.BRC.Common\BioEngine.BRC.Common.csproj", "{4576E8F0-7DAF-48B1-8863-540EE02AD185}"
EndProject
Project("{FAE04EC0-301F-11D3-BF4B-00C04F79EFBC}") = "BioEngine.BRC.Site", "..\BioEngine.BRC.Common\src\BioEngine.BRC.Site\BioEngine.BRC.Site.csproj", "{74CF1046-5BBC-46A2-BABA-61E79249CDB5}"
EndProject
Project("{FAE04EC0-301F-11D3-BF4B-00C04F79EFBC}") = "BioEngine.BRC.Jobs", "..\BioEngine.BRC.Jobs\src\BioEngine.BRC.Jobs\BioEngine.BRC.Jobs.csproj", "{9B0642BB-D640-46A6-8300-4FD202CC5B47}"
EndProject
Project("{FAE04EC0-301F-11D3-BF4B-00C04F79EFBC}") = "PatreonService", "..\PatreonService\src\PatreonService.csproj", "{957D79BA-AB7A-42C5-9845-5E34458D147C}"
EndProject
Project("{2150E333-8FDC-42A3-9474-1A3956D46DE8}") = "BRC", "BRC", "{74B9E6D9-D59E-4D29-8387-6CECADE15C7C}"
ProjectSection(SolutionItems) = preProject
	.editorconfig = .editorconfig
	docker-compose.yml = docker-compose.yml
EndProjectSection
EndProject
Project("{2150E333-8FDC-42A3-9474-1A3956D46DE8}") = "Common", "Common", "{000E85A5-31C2-426D-80E0-D735DB24A251}"
ProjectSection(SolutionItems) = preProject
	..\BioEngine.BRC.Common\azure-pipelines.yml = ..\BioEngine.BRC.Common\azure-pipelines.yml
EndProjectSection
EndProject
Project("{2150E333-8FDC-42A3-9474-1A3956D46DE8}") = "Api", "Api", "{37A705E3-D0C9-4F84-B82D-C4D128E6E3AD}"
ProjectSection(SolutionItems) = preProject
	..\BioEngine.BRC.Api\azure-pipelines.yml = ..\BioEngine.BRC.Api\azure-pipelines.yml
EndProjectSection
EndProject
Project("{2150E333-8FDC-42A3-9474-1A3956D46DE8}") = "BioWare", "BioWare", "{1200873F-6D24-44ED-9000-BE8EFABCAB47}"
ProjectSection(SolutionItems) = preProject
	..\BioEngine.BRC.BioWare\azure-pipelines.yml = ..\BioEngine.BRC.BioWare\azure-pipelines.yml
EndProjectSection
EndProject
Project("{2150E333-8FDC-42A3-9474-1A3956D46DE8}") = "Games", "Games", "{D8D614E4-B5AB-4DD4-A1E7-D3C0A1E3DC75}"
ProjectSection(SolutionItems) = preProject
	..\BioEngine.BRC.Games\azure-pipelines.yml = ..\BioEngine.BRC.Games\azure-pipelines.yml
EndProjectSection
EndProject
Project("{2150E333-8FDC-42A3-9474-1A3956D46DE8}") = "Jobs", "Jobs", "{A9E8D6B3-483E-4F36-9045-8132EFC1AD93}"
ProjectSection(SolutionItems) = preProject
	..\BioEngine.BRC.Jobs\azure-pipelines.yml = ..\BioEngine.BRC.Jobs\azure-pipelines.yml
EndProjectSection
EndProject
Project("{2150E333-8FDC-42A3-9474-1A3956D46DE8}") = "Patreon", "Patreon", "{8234C551-31DA-4803-86B9-4EC82D76C9E6}"
ProjectSection(SolutionItems) = preProject
	..\PatreonService\azure-pipelines.yml = ..\PatreonService\azure-pipelines.yml
EndProjectSection
EndProject
Global
	GlobalSection(SolutionConfigurationPlatforms) = preSolution
		Debug|Any CPU = Debug|Any CPU
		Debug|x64 = Debug|x64
		Debug|x86 = Debug|x86
		Release|Any CPU = Release|Any CPU
		Release|x64 = Release|x64
		Release|x86 = Release|x86
	EndGlobalSection
	GlobalSection(ProjectConfigurationPlatforms) = postSolution
		{076A1B3B-46BF-4A95-94BF-3D618FAD1573}.Debug|Any CPU.ActiveCfg = Debug|Any CPU
		{076A1B3B-46BF-4A95-94BF-3D618FAD1573}.Debug|Any CPU.Build.0 = Debug|Any CPU
		{076A1B3B-46BF-4A95-94BF-3D618FAD1573}.Debug|x64.ActiveCfg = Debug|Any CPU
		{076A1B3B-46BF-4A95-94BF-3D618FAD1573}.Debug|x64.Build.0 = Debug|Any CPU
		{076A1B3B-46BF-4A95-94BF-3D618FAD1573}.Debug|x86.ActiveCfg = Debug|Any CPU
		{076A1B3B-46BF-4A95-94BF-3D618FAD1573}.Debug|x86.Build.0 = Debug|Any CPU
		{076A1B3B-46BF-4A95-94BF-3D618FAD1573}.Release|Any CPU.ActiveCfg = Release|Any CPU
		{076A1B3B-46BF-4A95-94BF-3D618FAD1573}.Release|Any CPU.Build.0 = Release|Any CPU
		{076A1B3B-46BF-4A95-94BF-3D618FAD1573}.Release|x64.ActiveCfg = Release|Any CPU
		{076A1B3B-46BF-4A95-94BF-3D618FAD1573}.Release|x64.Build.0 = Release|Any CPU
		{076A1B3B-46BF-4A95-94BF-3D618FAD1573}.Release|x86.ActiveCfg = Release|Any CPU
		{076A1B3B-46BF-4A95-94BF-3D618FAD1573}.Release|x86.Build.0 = Release|Any CPU
		{E61DCC27-5CC5-471A-B0DA-3396E5F6ED48}.Debug|Any CPU.ActiveCfg = Debug|Any CPU
		{E61DCC27-5CC5-471A-B0DA-3396E5F6ED48}.Debug|Any CPU.Build.0 = Debug|Any CPU
		{E61DCC27-5CC5-471A-B0DA-3396E5F6ED48}.Debug|x64.ActiveCfg = Debug|Any CPU
		{E61DCC27-5CC5-471A-B0DA-3396E5F6ED48}.Debug|x64.Build.0 = Debug|Any CPU
		{E61DCC27-5CC5-471A-B0DA-3396E5F6ED48}.Debug|x86.ActiveCfg = Debug|Any CPU
		{E61DCC27-5CC5-471A-B0DA-3396E5F6ED48}.Debug|x86.Build.0 = Debug|Any CPU
		{E61DCC27-5CC5-471A-B0DA-3396E5F6ED48}.Release|Any CPU.ActiveCfg = Release|Any CPU
		{E61DCC27-5CC5-471A-B0DA-3396E5F6ED48}.Release|Any CPU.Build.0 = Release|Any CPU
		{E61DCC27-5CC5-471A-B0DA-3396E5F6ED48}.Release|x64.ActiveCfg = Release|Any CPU
		{E61DCC27-5CC5-471A-B0DA-3396E5F6ED48}.Release|x64.Build.0 = Release|Any CPU
		{E61DCC27-5CC5-471A-B0DA-3396E5F6ED48}.Release|x86.ActiveCfg = Release|Any CPU
		{E61DCC27-5CC5-471A-B0DA-3396E5F6ED48}.Release|x86.Build.0 = Release|Any CPU
		{C5106D93-3B60-4BCB-9FE4-8E1A5C27144C}.Debug|Any CPU.ActiveCfg = Debug|Any CPU
		{C5106D93-3B60-4BCB-9FE4-8E1A5C27144C}.Debug|Any CPU.Build.0 = Debug|Any CPU
		{C5106D93-3B60-4BCB-9FE4-8E1A5C27144C}.Debug|x64.ActiveCfg = Debug|Any CPU
		{C5106D93-3B60-4BCB-9FE4-8E1A5C27144C}.Debug|x64.Build.0 = Debug|Any CPU
		{C5106D93-3B60-4BCB-9FE4-8E1A5C27144C}.Debug|x86.ActiveCfg = Debug|Any CPU
		{C5106D93-3B60-4BCB-9FE4-8E1A5C27144C}.Debug|x86.Build.0 = Debug|Any CPU
		{C5106D93-3B60-4BCB-9FE4-8E1A5C27144C}.Release|Any CPU.ActiveCfg = Release|Any CPU
		{C5106D93-3B60-4BCB-9FE4-8E1A5C27144C}.Release|Any CPU.Build.0 = Release|Any CPU
		{C5106D93-3B60-4BCB-9FE4-8E1A5C27144C}.Release|x64.ActiveCfg = Release|Any CPU
		{C5106D93-3B60-4BCB-9FE4-8E1A5C27144C}.Release|x64.Build.0 = Release|Any CPU
		{C5106D93-3B60-4BCB-9FE4-8E1A5C27144C}.Release|x86.ActiveCfg = Release|Any CPU
		{C5106D93-3B60-4BCB-9FE4-8E1A5C27144C}.Release|x86.Build.0 = Release|Any CPU
		{4576E8F0-7DAF-48B1-8863-540EE02AD185}.Debug|Any CPU.ActiveCfg = Debug|Any CPU
		{4576E8F0-7DAF-48B1-8863-540EE02AD185}.Debug|Any CPU.Build.0 = Debug|Any CPU
		{4576E8F0-7DAF-48B1-8863-540EE02AD185}.Debug|x64.ActiveCfg = Debug|Any CPU
		{4576E8F0-7DAF-48B1-8863-540EE02AD185}.Debug|x64.Build.0 = Debug|Any CPU
		{4576E8F0-7DAF-48B1-8863-540EE02AD185}.Debug|x86.ActiveCfg = Debug|Any CPU
		{4576E8F0-7DAF-48B1-8863-540EE02AD185}.Debug|x86.Build.0 = Debug|Any CPU
		{4576E8F0-7DAF-48B1-8863-540EE02AD185}.Release|Any CPU.ActiveCfg = Release|Any CPU
		{4576E8F0-7DAF-48B1-8863-540EE02AD185}.Release|Any CPU.Build.0 = Release|Any CPU
		{4576E8F0-7DAF-48B1-8863-540EE02AD185}.Release|x64.ActiveCfg = Release|Any CPU
		{4576E8F0-7DAF-48B1-8863-540EE02AD185}.Release|x64.Build.0 = Release|Any CPU
		{4576E8F0-7DAF-48B1-8863-540EE02AD185}.Release|x86.ActiveCfg = Release|Any CPU
		{4576E8F0-7DAF-48B1-8863-540EE02AD185}.Release|x86.Build.0 = Release|Any CPU
		{74CF1046-5BBC-46A2-BABA-61E79249CDB5}.Debug|Any CPU.ActiveCfg = Debug|Any CPU
		{74CF1046-5BBC-46A2-BABA-61E79249CDB5}.Debug|Any CPU.Build.0 = Debug|Any CPU
		{74CF1046-5BBC-46A2-BABA-61E79249CDB5}.Debug|x64.ActiveCfg = Debug|Any CPU
		{74CF1046-5BBC-46A2-BABA-61E79249CDB5}.Debug|x64.Build.0 = Debug|Any CPU
		{74CF1046-5BBC-46A2-BABA-61E79249CDB5}.Debug|x86.ActiveCfg = Debug|Any CPU
		{74CF1046-5BBC-46A2-BABA-61E79249CDB5}.Debug|x86.Build.0 = Debug|Any CPU
		{74CF1046-5BBC-46A2-BABA-61E79249CDB5}.Release|Any CPU.ActiveCfg = Release|Any CPU
		{74CF1046-5BBC-46A2-BABA-61E79249CDB5}.Release|Any CPU.Build.0 = Release|Any CPU
		{74CF1046-5BBC-46A2-BABA-61E79249CDB5}.Release|x64.ActiveCfg = Release|Any CPU
		{74CF1046-5BBC-46A2-BABA-61E79249CDB5}.Release|x64.Build.0 = Release|Any CPU
		{74CF1046-5BBC-46A2-BABA-61E79249CDB5}.Release|x86.ActiveCfg = Release|Any CPU
		{74CF1046-5BBC-46A2-BABA-61E79249CDB5}.Release|x86.Build.0 = Release|Any CPU
		{9B0642BB-D640-46A6-8300-4FD202CC5B47}.Debug|Any CPU.ActiveCfg = Debug|Any CPU
		{9B0642BB-D640-46A6-8300-4FD202CC5B47}.Debug|Any CPU.Build.0 = Debug|Any CPU
		{9B0642BB-D640-46A6-8300-4FD202CC5B47}.Debug|x64.ActiveCfg = Debug|Any CPU
		{9B0642BB-D640-46A6-8300-4FD202CC5B47}.Debug|x64.Build.0 = Debug|Any CPU
		{9B0642BB-D640-46A6-8300-4FD202CC5B47}.Debug|x86.ActiveCfg = Debug|Any CPU
		{9B0642BB-D640-46A6-8300-4FD202CC5B47}.Debug|x86.Build.0 = Debug|Any CPU
		{9B0642BB-D640-46A6-8300-4FD202CC5B47}.Release|Any CPU.ActiveCfg = Release|Any CPU
		{9B0642BB-D640-46A6-8300-4FD202CC5B47}.Release|Any CPU.Build.0 = Release|Any CPU
		{9B0642BB-D640-46A6-8300-4FD202CC5B47}.Release|x64.ActiveCfg = Release|Any CPU
		{9B0642BB-D640-46A6-8300-4FD202CC5B47}.Release|x64.Build.0 = Release|Any CPU
		{9B0642BB-D640-46A6-8300-4FD202CC5B47}.Release|x86.ActiveCfg = Release|Any CPU
		{9B0642BB-D640-46A6-8300-4FD202CC5B47}.Release|x86.Build.0 = Release|Any CPU
		{957D79BA-AB7A-42C5-9845-5E34458D147C}.Debug|Any CPU.ActiveCfg = Debug|Any CPU
		{957D79BA-AB7A-42C5-9845-5E34458D147C}.Debug|Any CPU.Build.0 = Debug|Any CPU
		{957D79BA-AB7A-42C5-9845-5E34458D147C}.Debug|x64.ActiveCfg = Debug|Any CPU
		{957D79BA-AB7A-42C5-9845-5E34458D147C}.Debug|x64.Build.0 = Debug|Any CPU
		{957D79BA-AB7A-42C5-9845-5E34458D147C}.Debug|x86.ActiveCfg = Debug|Any CPU
		{957D79BA-AB7A-42C5-9845-5E34458D147C}.Debug|x86.Build.0 = Debug|Any CPU
		{957D79BA-AB7A-42C5-9845-5E34458D147C}.Release|Any CPU.ActiveCfg = Release|Any CPU
		{957D79BA-AB7A-42C5-9845-5E34458D147C}.Release|Any CPU.Build.0 = Release|Any CPU
		{957D79BA-AB7A-42C5-9845-5E34458D147C}.Release|x64.ActiveCfg = Release|Any CPU
		{957D79BA-AB7A-42C5-9845-5E34458D147C}.Release|x64.Build.0 = Release|Any CPU
		{957D79BA-AB7A-42C5-9845-5E34458D147C}.Release|x86.ActiveCfg = Release|Any CPU
		{957D79BA-AB7A-42C5-9845-5E34458D147C}.Release|x86.Build.0 = Release|Any CPU
	EndGlobalSection
	GlobalSection(SolutionProperties) = preSolution
		HideSolutionNode = FALSE
	EndGlobalSection
	GlobalSection(ExtensibilityGlobals) = postSolution
		SolutionGuid = {79E8CDF0-60DF-462C-B1D6-0B83BF25A609}
	EndGlobalSection
	GlobalSection(NestedProjects) = preSolution
		{000E85A5-31C2-426D-80E0-D735DB24A251} = {74B9E6D9-D59E-4D29-8387-6CECADE15C7C}
		{4576E8F0-7DAF-48B1-8863-540EE02AD185} = {000E85A5-31C2-426D-80E0-D735DB24A251}
		{74CF1046-5BBC-46A2-BABA-61E79249CDB5} = {000E85A5-31C2-426D-80E0-D735DB24A251}
		{37A705E3-D0C9-4F84-B82D-C4D128E6E3AD} = {74B9E6D9-D59E-4D29-8387-6CECADE15C7C}
		{1200873F-6D24-44ED-9000-BE8EFABCAB47} = {74B9E6D9-D59E-4D29-8387-6CECADE15C7C}
		{D8D614E4-B5AB-4DD4-A1E7-D3C0A1E3DC75} = {74B9E6D9-D59E-4D29-8387-6CECADE15C7C}
		{A9E8D6B3-483E-4F36-9045-8132EFC1AD93} = {74B9E6D9-D59E-4D29-8387-6CECADE15C7C}
		{076A1B3B-46BF-4A95-94BF-3D618FAD1573} = {37A705E3-D0C9-4F84-B82D-C4D128E6E3AD}
		{E61DCC27-5CC5-471A-B0DA-3396E5F6ED48} = {1200873F-6D24-44ED-9000-BE8EFABCAB47}
		{C5106D93-3B60-4BCB-9FE4-8E1A5C27144C} = {D8D614E4-B5AB-4DD4-A1E7-D3C0A1E3DC75}
		{9B0642BB-D640-46A6-8300-4FD202CC5B47} = {A9E8D6B3-483E-4F36-9045-8132EFC1AD93}
		{8234C551-31DA-4803-86B9-4EC82D76C9E6} = {74B9E6D9-D59E-4D29-8387-6CECADE15C7C}
		{957D79BA-AB7A-42C5-9845-5E34458D147C} = {8234C551-31DA-4803-86B9-4EC82D76C9E6}
	EndGlobalSection
EndGlobal
